
Microsoft Visual Studio Solution File, Format Version 12.00
# Visual Studio Version 17
VisualStudioVersion = 17.5.33424.131
MinimumVisualStudioVersion = 10.0.40219.1
Project("{9A19103F-16F7-4668-BE54-9A1E7A4F7556}") = "tugas6", "tugas5\tugas6.csproj", "{93CFB50D-F5EA-463D-ADC2-FA1204434953}"
EndProject
Project("{FAE04EC0-301F-11D3-BF4B-00C04F79EFBC}") = "Client", "Client\Client.csproj", "{D559B729-40E1-4A9D-BF82-9AE972ECE388}"
EndProject
Global
	GlobalSection(SolutionConfigurationPlatforms) = preSolution
		Debug|Any CPU = Debug|Any CPU
		Release|Any CPU = Release|Any CPU
	EndGlobalSection
	GlobalSection(ProjectConfigurationPlatforms) = postSolution
		{93CFB50D-F5EA-463D-ADC2-FA1204434953}.Debug|Any CPU.ActiveCfg = Debug|Any CPU
		{93CFB50D-F5EA-463D-ADC2-FA1204434953}.Debug|Any CPU.Build.0 = Debug|Any CPU
		{93CFB50D-F5EA-463D-ADC2-FA1204434953}.Release|Any CPU.ActiveCfg = Release|Any CPU
		{93CFB50D-F5EA-463D-ADC2-FA1204434953}.Release|Any CPU.Build.0 = Release|Any CPU
		{D559B729-40E1-4A9D-BF82-9AE972ECE388}.Debug|Any CPU.ActiveCfg = Debug|Any CPU
		{D559B729-40E1-4A9D-BF82-9AE972ECE388}.Debug|Any CPU.Build.0 = Debug|Any CPU
		{D559B729-40E1-4A9D-BF82-9AE972ECE388}.Release|Any CPU.ActiveCfg = Release|Any CPU
		{D559B729-40E1-4A9D-BF82-9AE972ECE388}.Release|Any CPU.Build.0 = Release|Any CPU
	EndGlobalSection
	GlobalSection(SolutionProperties) = preSolution
		HideSolutionNode = FALSE
	EndGlobalSection
	GlobalSection(ExtensibilityGlobals) = postSolution
		SolutionGuid = {3FC4EA21-99F6-4451-A811-E41A41B8E983}
	EndGlobalSection
EndGlobal
